// !$*UTF8*$!
{
	archiveVersion = 1;
	classes = {
	};
	objectVersion = 46;
	objects = {

/* Begin PBXBuildFile section */
		D25A2AED1B31DDB0001B5B5A /* mariesimulator_screenshot.png in Resources */ = {isa = PBXBuildFile; fileRef = D25A2AEC1B31DDB0001B5B5A /* mariesimulator_screenshot.png */; };
		D25A2AF11B31E266001B5B5A /* LICENSE in Resources */ = {isa = PBXBuildFile; fileRef = D25A2AF01B31E266001B5B5A /* LICENSE */; };
		D2BAB0A217EC8EE600807D0D /* Foundation.framework in Frameworks */ = {isa = PBXBuildFile; fileRef = D2BAB0A117EC8EE600807D0D /* Foundation.framework */; };
		D2BAB0A417EC8EE600807D0D /* CoreGraphics.framework in Frameworks */ = {isa = PBXBuildFile; fileRef = D2BAB0A317EC8EE600807D0D /* CoreGraphics.framework */; };
		D2BAB0A617EC8EE600807D0D /* UIKit.framework in Frameworks */ = {isa = PBXBuildFile; fileRef = D2BAB0A517EC8EE600807D0D /* UIKit.framework */; };
		D2BAB0AC17EC8EE600807D0D /* InfoPlist.strings in Resources */ = {isa = PBXBuildFile; fileRef = D2BAB0AA17EC8EE600807D0D /* InfoPlist.strings */; };
		D2BAB0AE17EC8EE600807D0D /* main.m in Sources */ = {isa = PBXBuildFile; fileRef = D2BAB0AD17EC8EE600807D0D /* main.m */; };
		D2BAB0B217EC8EE600807D0D /* EYMARIESimAppDelegate.m in Sources */ = {isa = PBXBuildFile; fileRef = D2BAB0B117EC8EE600807D0D /* EYMARIESimAppDelegate.m */; };
		D2BAB0B817EC8EE600807D0D /* EYMARIESimViewController.m in Sources */ = {isa = PBXBuildFile; fileRef = D2BAB0B717EC8EE600807D0D /* EYMARIESimViewController.m */; };
		D2BAB0BA17EC8EE600807D0D /* Images.xcassets in Resources */ = {isa = PBXBuildFile; fileRef = D2BAB0B917EC8EE600807D0D /* Images.xcassets */; };
		D2BAB0D717EC8FF400807D0D /* EYMARIESimViewController.xib in Resources */ = {isa = PBXBuildFile; fileRef = D2BAB0D617EC8FF400807D0D /* EYMARIESimViewController.xib */; };
/* End PBXBuildFile section */

/* Begin PBXFileReference section */
		D25A2AEC1B31DDB0001B5B5A /* mariesimulator_screenshot.png */ = {isa = PBXFileReference; lastKnownFileType = image.png; path = mariesimulator_screenshot.png; sourceTree = "<group>"; };
		D25A2AEE1B31E041001B5B5A /* README.md */ = {isa = PBXFileReference; fileEncoding = 4; lastKnownFileType = net.daringfireball.markdown; path = README.md; sourceTree = "<group>"; };
		D25A2AF01B31E266001B5B5A /* LICENSE */ = {isa = PBXFileReference; fileEncoding = 4; lastKnownFileType = text; path = LICENSE; sourceTree = "<group>"; };
		D2BAB09E17EC8EE600807D0D /* MARIESimulator.app */ = {isa = PBXFileReference; explicitFileType = wrapper.application; includeInIndex = 0; path = MARIESimulator.app; sourceTree = BUILT_PRODUCTS_DIR; };
		D2BAB0A117EC8EE600807D0D /* Foundation.framework */ = {isa = PBXFileReference; lastKnownFileType = wrapper.framework; name = Foundation.framework; path = System/Library/Frameworks/Foundation.framework; sourceTree = SDKROOT; };
		D2BAB0A317EC8EE600807D0D /* CoreGraphics.framework */ = {isa = PBXFileReference; lastKnownFileType = wrapper.framework; name = CoreGraphics.framework; path = System/Library/Frameworks/CoreGraphics.framework; sourceTree = SDKROOT; };
		D2BAB0A517EC8EE600807D0D /* UIKit.framework */ = {isa = PBXFileReference; lastKnownFileType = wrapper.framework; name = UIKit.framework; path = System/Library/Frameworks/UIKit.framework; sourceTree = SDKROOT; };
		D2BAB0A917EC8EE600807D0D /* MARIESimulator-Info.plist */ = {isa = PBXFileReference; lastKnownFileType = text.plist.xml; path = "MARIESimulator-Info.plist"; sourceTree = "<group>"; };
		D2BAB0AB17EC8EE600807D0D /* en */ = {isa = PBXFileReference; lastKnownFileType = text.plist.strings; name = en; path = en.lproj/InfoPlist.strings; sourceTree = "<group>"; };
		D2BAB0AD17EC8EE600807D0D /* main.m */ = {isa = PBXFileReference; lastKnownFileType = sourcecode.c.objc; path = main.m; sourceTree = "<group>"; };
		D2BAB0AF17EC8EE600807D0D /* MARIESimulator-Prefix.pch */ = {isa = PBXFileReference; lastKnownFileType = sourcecode.c.h; path = "MARIESimulator-Prefix.pch"; sourceTree = "<group>"; };
		D2BAB0B017EC8EE600807D0D /* EYMARIESimAppDelegate.h */ = {isa = PBXFileReference; lastKnownFileType = sourcecode.c.h; path = EYMARIESimAppDelegate.h; sourceTree = "<group>"; };
		D2BAB0B117EC8EE600807D0D /* EYMARIESimAppDelegate.m */ = {isa = PBXFileReference; lastKnownFileType = sourcecode.c.objc; path = EYMARIESimAppDelegate.m; sourceTree = "<group>"; };
		D2BAB0B617EC8EE600807D0D /* EYMARIESimViewController.h */ = {isa = PBXFileReference; lastKnownFileType = sourcecode.c.h; path = EYMARIESimViewController.h; sourceTree = "<group>"; };
		D2BAB0B717EC8EE600807D0D /* EYMARIESimViewController.m */ = {isa = PBXFileReference; lastKnownFileType = sourcecode.c.objc; path = EYMARIESimViewController.m; sourceTree = "<group>"; };
		D2BAB0B917EC8EE600807D0D /* Images.xcassets */ = {isa = PBXFileReference; lastKnownFileType = folder.assetcatalog; path = Images.xcassets; sourceTree = "<group>"; };
		D2BAB0D617EC8FF400807D0D /* EYMARIESimViewController.xib */ = {isa = PBXFileReference; fileEncoding = 4; lastKnownFileType = file.xib; path = EYMARIESimViewController.xib; sourceTree = "<group>"; };
/* End PBXFileReference section */

/* Begin PBXFrameworksBuildPhase section */
		D2BAB09B17EC8EE600807D0D /* Frameworks */ = {
			isa = PBXFrameworksBuildPhase;
			buildActionMask = 2147483647;
			files = (
				D2BAB0A417EC8EE600807D0D /* CoreGraphics.framework in Frameworks */,
				D2BAB0A617EC8EE600807D0D /* UIKit.framework in Frameworks */,
				D2BAB0A217EC8EE600807D0D /* Foundation.framework in Frameworks */,
			);
			runOnlyForDeploymentPostprocessing = 0;
		};
/* End PBXFrameworksBuildPhase section */

/* Begin PBXGroup section */
		D2BAB09517EC8EE600807D0D = {
			isa = PBXGroup;
			children = (
				D2BAB0A717EC8EE600807D0D /* MARIESimulator */,
				D25A2AEE1B31E041001B5B5A /* README.md */,
				D25A2AF01B31E266001B5B5A /* LICENSE */,
				D2BAB0A017EC8EE600807D0D /* Frameworks */,
				D2BAB09F17EC8EE600807D0D /* Products */,
			);
			sourceTree = "<group>";
		};
		D2BAB09F17EC8EE600807D0D /* Products */ = {
			isa = PBXGroup;
			children = (
				D2BAB09E17EC8EE600807D0D /* MARIESimulator.app */,
			);
			name = Products;
			sourceTree = "<group>";
		};
		D2BAB0A017EC8EE600807D0D /* Frameworks */ = {
			isa = PBXGroup;
			children = (
				D2BAB0A117EC8EE600807D0D /* Foundation.framework */,
				D2BAB0A317EC8EE600807D0D /* CoreGraphics.framework */,
				D2BAB0A517EC8EE600807D0D /* UIKit.framework */,
			);
			name = Frameworks;
			sourceTree = "<group>";
		};
		D2BAB0A717EC8EE600807D0D /* MARIESimulator */ = {
			isa = PBXGroup;
			children = (
				D2BAB0B017EC8EE600807D0D /* EYMARIESimAppDelegate.h */,
				D2BAB0B117EC8EE600807D0D /* EYMARIESimAppDelegate.m */,
				D2BAB0B617EC8EE600807D0D /* EYMARIESimViewController.h */,
				D2BAB0B717EC8EE600807D0D /* EYMARIESimViewController.m */,
				D2BAB0D617EC8FF400807D0D /* EYMARIESimViewController.xib */,
				D25A2AEC1B31DDB0001B5B5A /* mariesimulator_screenshot.png */,
				D2BAB0B917EC8EE600807D0D /* Images.xcassets */,
				D2BAB0A817EC8EE600807D0D /* Supporting Files */,
			);
			path = MARIESimulator;
			sourceTree = "<group>";
		};
		D2BAB0A817EC8EE600807D0D /* Supporting Files */ = {
			isa = PBXGroup;
			children = (
				D2BAB0A917EC8EE600807D0D /* MARIESimulator-Info.plist */,
				D2BAB0AA17EC8EE600807D0D /* InfoPlist.strings */,
				D2BAB0AD17EC8EE600807D0D /* main.m */,
				D2BAB0AF17EC8EE600807D0D /* MARIESimulator-Prefix.pch */,
			);
			name = "Supporting Files";
			sourceTree = "<group>";
		};
/* End PBXGroup section */

/* Begin PBXNativeTarget section */
		D2BAB09D17EC8EE600807D0D /* MARIESimulator */ = {
			isa = PBXNativeTarget;
			buildConfigurationList = D2BAB0D017EC8EE600807D0D /* Build configuration list for PBXNativeTarget "MARIESimulator" */;
			buildPhases = (
				D2BAB09A17EC8EE600807D0D /* Sources */,
				D2BAB09B17EC8EE600807D0D /* Frameworks */,
				D2BAB09C17EC8EE600807D0D /* Resources */,
			);
			buildRules = (
			);
			dependencies = (
			);
			name = MARIESimulator;
			productName = MARIESimulator;
			productReference = D2BAB09E17EC8EE600807D0D /* MARIESimulator.app */;
			productType = "com.apple.product-type.application";
		};
/* End PBXNativeTarget section */

/* Begin PBXProject section */
		D2BAB09617EC8EE600807D0D /* Project object */ = {
			isa = PBXProject;
			attributes = {
				CLASSPREFIX = EYMARIESim;
				LastUpgradeCheck = 0510;
				ORGANIZATIONNAME = InnovationBox;
			};
			buildConfigurationList = D2BAB09917EC8EE600807D0D /* Build configuration list for PBXProject "MARIESimulator" */;
			compatibilityVersion = "Xcode 3.2";
			developmentRegion = English;
			hasScannedForEncodings = 0;
			knownRegions = (
				en,
				Base,
			);
			mainGroup = D2BAB09517EC8EE600807D0D;
			productRefGroup = D2BAB09F17EC8EE600807D0D /* Products */;
			projectDirPath = "";
			projectRoot = "";
			targets = (
				D2BAB09D17EC8EE600807D0D /* MARIESimulator */,
			);
		};
/* End PBXProject section */

/* Begin PBXResourcesBuildPhase section */
		D2BAB09C17EC8EE600807D0D /* Resources */ = {
			isa = PBXResourcesBuildPhase;
			buildActionMask = 2147483647;
			files = (
				D2BAB0BA17EC8EE600807D0D /* Images.xcassets in Resources */,
				D2BAB0D717EC8FF400807D0D /* EYMARIESimViewController.xib in Resources */,
				D2BAB0AC17EC8EE600807D0D /* InfoPlist.strings in Resources */,
				D25A2AED1B31DDB0001B5B5A /* mariesimulator_screenshot.png in Resources */,
				D25A2AF11B31E266001B5B5A /* LICENSE in Resources */,
			);
			runOnlyForDeploymentPostprocessing = 0;
		};
/* End PBXResourcesBuildPhase section */

/* Begin PBXSourcesBuildPhase section */
		D2BAB09A17EC8EE600807D0D /* Sources */ = {
			isa = PBXSourcesBuildPhase;
			buildActionMask = 2147483647;
			files = (
				D2BAB0B217EC8EE600807D0D /* EYMARIESimAppDelegate.m in Sources */,
				D2BAB0AE17EC8EE600807D0D /* main.m in Sources */,
				D2BAB0B817EC8EE600807D0D /* EYMARIESimViewController.m in Sources */,
			);
			runOnlyForDeploymentPostprocessing = 0;
		};
/* End PBXSourcesBuildPhase section */

/* Begin PBXVariantGroup section */
		D2BAB0AA17EC8EE600807D0D /* InfoPlist.strings */ = {
			isa = PBXVariantGroup;
			children = (
				D2BAB0AB17EC8EE600807D0D /* en */,
			);
			name = InfoPlist.strings;
			sourceTree = "<group>";
		};
/* End PBXVariantGroup section */

/* Begin XCBuildConfiguration section */
		D2BAB0CE17EC8EE600807D0D /* Debug */ = {
			isa = XCBuildConfiguration;
			buildSettings = {
				ALWAYS_SEARCH_USER_PATHS = NO;
				CLANG_CXX_LANGUAGE_STANDARD = "gnu++0x";
				CLANG_CXX_LIBRARY = "libc++";
				CLANG_ENABLE_MODULES = YES;
				CLANG_ENABLE_OBJC_ARC = YES;
				CLANG_WARN_BOOL_CONVERSION = YES;
				CLANG_WARN_CONSTANT_CONVERSION = YES;
				CLANG_WARN_DIRECT_OBJC_ISA_USAGE = YES_ERROR;
				CLANG_WARN_EMPTY_BODY = YES;
				CLANG_WARN_ENUM_CONVERSION = YES;
				CLANG_WARN_INT_CONVERSION = YES;
				CLANG_WARN_OBJC_ROOT_CLASS = YES_ERROR;
				CLANG_WARN__DUPLICATE_METHOD_MATCH = YES;
				"CODE_SIGN_IDENTITY[sdk=iphoneos*]" = "iPhone Developer";
				COPY_PHASE_STRIP = NO;
				GCC_C_LANGUAGE_STANDARD = gnu99;
				GCC_DYNAMIC_NO_PIC = NO;
				GCC_OPTIMIZATION_LEVEL = 0;
				GCC_PREPROCESSOR_DEFINITIONS = (
					"DEBUG=1",
					"$(inherited)",
				);
				GCC_SYMBOLS_PRIVATE_EXTERN = NO;
				GCC_WARN_64_TO_32_BIT_CONVERSION = YES;
				GCC_WARN_ABOUT_RETURN_TYPE = YES_ERROR;
				GCC_WARN_UNDECLARED_SELECTOR = YES;
				GCC_WARN_UNINITIALIZED_AUTOS = YES;
				GCC_WARN_UNUSED_FUNCTION = YES;
				GCC_WARN_UNUSED_VARIABLE = YES;
				IPHONEOS_DEPLOYMENT_TARGET = 6.1;
				ONLY_ACTIVE_ARCH = YES;
				SDKROOT = iphoneos;
			};
			name = Debug;
		};
		D2BAB0CF17EC8EE600807D0D /* Release */ = {
			isa = XCBuildConfiguration;
			buildSettings = {
				ALWAYS_SEARCH_USER_PATHS = NO;
				CLANG_CXX_LANGUAGE_STANDARD = "gnu++0x";
				CLANG_CXX_LIBRARY = "libc++";
				CLANG_ENABLE_MODULES = YES;
				CLANG_ENABLE_OBJC_ARC = YES;
				CLANG_WARN_BOOL_CONVERSION = YES;
				CLANG_WARN_CONSTANT_CONVERSION = YES;
				CLANG_WARN_DIRECT_OBJC_ISA_USAGE = YES_ERROR;
				CLANG_WARN_EMPTY_BODY = YES;
				CLANG_WARN_ENUM_CONVERSION = YES;
				CLANG_WARN_INT_CONVERSION = YES;
				CLANG_WARN_OBJC_ROOT_CLASS = YES_ERROR;
				CLANG_WARN__DUPLICATE_METHOD_MATCH = YES;
				"CODE_SIGN_IDENTITY[sdk=iphoneos*]" = "iPhone Developer";
				COPY_PHASE_STRIP = YES;
				ENABLE_NS_ASSERTIONS = NO;
				GCC_C_LANGUAGE_STANDARD = gnu99;
				GCC_WARN_64_TO_32_BIT_CONVERSION = YES;
				GCC_WARN_ABOUT_RETURN_TYPE = YES_ERROR;
				GCC_WARN_UNDECLARED_SELECTOR = YES;
				GCC_WARN_UNINITIALIZED_AUTOS = YES;
				GCC_WARN_UNUSED_FUNCTION = YES;
				GCC_WARN_UNUSED_VARIABLE = YES;
				IPHONEOS_DEPLOYMENT_TARGET = 6.1;
				SDKROOT = iphoneos;
				VALIDATE_PRODUCT = YES;
			};
			name = Release;
		};
		D2BAB0D117EC8EE600807D0D /* Debug */ = {
			isa = XCBuildConfiguration;
			buildSettings = {
				ASSETCATALOG_COMPILER_APPICON_NAME = AppIcon;
				ASSETCATALOG_COMPILER_LAUNCHIMAGE_NAME = LaunchImage;
				GCC_PRECOMPILE_PREFIX_HEADER = YES;
				GCC_PREFIX_HEADER = "MARIESimulator/MARIESimulator-Prefix.pch";
				INFOPLIST_FILE = "MARIESimulator/MARIESimulator-Info.plist";
				IPHONEOS_DEPLOYMENT_TARGET = 6.1;
				PRODUCT_NAME = MARIESimulator;
				TARGETED_DEVICE_FAMILY = 2;
				WRAPPER_EXTENSION = app;
			};
			name = Debug;
		};
		D2BAB0D217EC8EE600807D0D /* Release */ = {
			isa = XCBuildConfiguration;
			buildSettings = {
				ASSETCATALOG_COMPILER_APPICON_NAME = AppIcon;
				ASSETCATALOG_COMPILER_LAUNCHIMAGE_NAME = LaunchImage;
				GCC_PRECOMPILE_PREFIX_HEADER = YES;
				GCC_PREFIX_HEADER = "MARIESimulator/MARIESimulator-Prefix.pch";
				INFOPLIST_FILE = "MARIESimulator/MARIESimulator-Info.plist";
				IPHONEOS_DEPLOYMENT_TARGET = 6.1;
				PRODUCT_NAME = MARIESimulator;
				TARGETED_DEVICE_FAMILY = 2;
				WRAPPER_EXTENSION = app;
			};
			name = Release;
		};
/* End XCBuildConfiguration section */

/* Begin XCConfigurationList section */
		D2BAB09917EC8EE600807D0D /* Build configuration list for PBXProject "MARIESimulator" */ = {
			isa = XCConfigurationList;
			buildConfigurations = (
				D2BAB0CE17EC8EE600807D0D /* Debug */,
				D2BAB0CF17EC8EE600807D0D /* Release */,
			);
			defaultConfigurationIsVisible = 0;
			defaultConfigurationName = Release;
		};
		D2BAB0D017EC8EE600807D0D /* Build configuration list for PBXNativeTarget "MARIESimulator" */ = {
			isa = XCConfigurationList;
			buildConfigurations = (
				D2BAB0D117EC8EE600807D0D /* Debug */,
				D2BAB0D217EC8EE600807D0D /* Release */,
			);
			defaultConfigurationIsVisible = 0;
			defaultConfigurationName = Release;
		};
/* End XCConfigurationList section */
	};
	rootObject = D2BAB09617EC8EE600807D0D /* Project object */;
}
